
Microsoft Visual Studio Solution File, Format Version 12.00
# Visual Studio Version 16
VisualStudioVersion = 16.0.29411.108
MinimumVisualStudioVersion = 10.0.40219.1
Project("{9A19103F-16F7-4668-BE54-9A1E7A4F7556}") = "Day1", "Day1\Day1.csproj", "{30FE51C5-FAF8-44AD-86B9-0EDEB26DFC20}"
EndProject
Project("{9A19103F-16F7-4668-BE54-9A1E7A4F7556}") = "Day2", "Day2\Day2.csproj", "{9CC1330F-5613-4620-B02F-E397B64104DF}"
EndProject
Project("{2150E333-8FDC-42A3-9474-1A3956D46DE8}") = "Days", "Days", "{109D1F60-CB8C-4EAC-BCE3-DBED11081D55}"
EndProject
Project("{2150E333-8FDC-42A3-9474-1A3956D46DE8}") = "Shared", "Shared", "{F148AC92-F013-4E66-8C65-6A502F18E64C}"
EndProject
Project("{9A19103F-16F7-4668-BE54-9A1E7A4F7556}") = "IntCodeMachine", "IntCodeMachine\IntCodeMachine.csproj", "{2D977984-E6DB-4DD6-8AEB-61EC8D4B6F00}"
EndProject
Project("{9A19103F-16F7-4668-BE54-9A1E7A4F7556}") = "Day3", "Day3\Day3.csproj", "{E32E0F16-6AE3-421B-A1D4-9004AF6DB079}"
EndProject
Project("{9A19103F-16F7-4668-BE54-9A1E7A4F7556}") = "Day4", "Day4\Day4.csproj", "{4E26FF8E-2BCC-443E-93E1-95798630D438}"
EndProject
Project("{9A19103F-16F7-4668-BE54-9A1E7A4F7556}") = "Day5", "Day5\Day5.csproj", "{4FAFA235-F71B-400C-975F-4FEA11EE04AC}"
EndProject
Project("{9A19103F-16F7-4668-BE54-9A1E7A4F7556}") = "Day6", "Day6\Day6.csproj", "{98878081-F676-4E23-851E-B5B256D9956B}"
EndProject
Project("{9A19103F-16F7-4668-BE54-9A1E7A4F7556}") = "Day7", "Day7\Day7.csproj", "{C85B7682-3C7F-4C0D-837C-EB9AC351CBB7}"
EndProject
Project("{FAE04EC0-301F-11D3-BF4B-00C04F79EFBC}") = "Day8", "Day8\Day8.csproj", "{1732C8FC-70B9-46DC-AA1B-62599FE97D8B}"
EndProject
Global
	GlobalSection(SolutionConfigurationPlatforms) = preSolution
		Debug|Any CPU = Debug|Any CPU
		Release|Any CPU = Release|Any CPU
	EndGlobalSection
	GlobalSection(ProjectConfigurationPlatforms) = postSolution
		{30FE51C5-FAF8-44AD-86B9-0EDEB26DFC20}.Debug|Any CPU.ActiveCfg = Debug|Any CPU
		{30FE51C5-FAF8-44AD-86B9-0EDEB26DFC20}.Debug|Any CPU.Build.0 = Debug|Any CPU
		{30FE51C5-FAF8-44AD-86B9-0EDEB26DFC20}.Release|Any CPU.ActiveCfg = Release|Any CPU
		{30FE51C5-FAF8-44AD-86B9-0EDEB26DFC20}.Release|Any CPU.Build.0 = Release|Any CPU
		{9CC1330F-5613-4620-B02F-E397B64104DF}.Debug|Any CPU.ActiveCfg = Debug|Any CPU
		{9CC1330F-5613-4620-B02F-E397B64104DF}.Debug|Any CPU.Build.0 = Debug|Any CPU
		{9CC1330F-5613-4620-B02F-E397B64104DF}.Release|Any CPU.ActiveCfg = Release|Any CPU
		{9CC1330F-5613-4620-B02F-E397B64104DF}.Release|Any CPU.Build.0 = Release|Any CPU
		{2D977984-E6DB-4DD6-8AEB-61EC8D4B6F00}.Debug|Any CPU.ActiveCfg = Debug|Any CPU
		{2D977984-E6DB-4DD6-8AEB-61EC8D4B6F00}.Debug|Any CPU.Build.0 = Debug|Any CPU
		{2D977984-E6DB-4DD6-8AEB-61EC8D4B6F00}.Release|Any CPU.ActiveCfg = Release|Any CPU
		{2D977984-E6DB-4DD6-8AEB-61EC8D4B6F00}.Release|Any CPU.Build.0 = Release|Any CPU
		{E32E0F16-6AE3-421B-A1D4-9004AF6DB079}.Debug|Any CPU.ActiveCfg = Debug|Any CPU
		{E32E0F16-6AE3-421B-A1D4-9004AF6DB079}.Debug|Any CPU.Build.0 = Debug|Any CPU
		{E32E0F16-6AE3-421B-A1D4-9004AF6DB079}.Release|Any CPU.ActiveCfg = Release|Any CPU
		{E32E0F16-6AE3-421B-A1D4-9004AF6DB079}.Release|Any CPU.Build.0 = Release|Any CPU
		{4E26FF8E-2BCC-443E-93E1-95798630D438}.Debug|Any CPU.ActiveCfg = Debug|Any CPU
		{4E26FF8E-2BCC-443E-93E1-95798630D438}.Debug|Any CPU.Build.0 = Debug|Any CPU
		{4E26FF8E-2BCC-443E-93E1-95798630D438}.Release|Any CPU.ActiveCfg = Release|Any CPU
		{4E26FF8E-2BCC-443E-93E1-95798630D438}.Release|Any CPU.Build.0 = Release|Any CPU
		{4FAFA235-F71B-400C-975F-4FEA11EE04AC}.Debug|Any CPU.ActiveCfg = Debug|Any CPU
		{4FAFA235-F71B-400C-975F-4FEA11EE04AC}.Debug|Any CPU.Build.0 = Debug|Any CPU
		{4FAFA235-F71B-400C-975F-4FEA11EE04AC}.Release|Any CPU.ActiveCfg = Release|Any CPU
		{4FAFA235-F71B-400C-975F-4FEA11EE04AC}.Release|Any CPU.Build.0 = Release|Any CPU
		{98878081-F676-4E23-851E-B5B256D9956B}.Debug|Any CPU.ActiveCfg = Debug|Any CPU
		{98878081-F676-4E23-851E-B5B256D9956B}.Debug|Any CPU.Build.0 = Debug|Any CPU
		{98878081-F676-4E23-851E-B5B256D9956B}.Release|Any CPU.ActiveCfg = Release|Any CPU
		{98878081-F676-4E23-851E-B5B256D9956B}.Release|Any CPU.Build.0 = Release|Any CPU
		{C85B7682-3C7F-4C0D-837C-EB9AC351CBB7}.Debug|Any CPU.ActiveCfg = Debug|Any CPU
		{C85B7682-3C7F-4C0D-837C-EB9AC351CBB7}.Debug|Any CPU.Build.0 = Debug|Any CPU
		{C85B7682-3C7F-4C0D-837C-EB9AC351CBB7}.Release|Any CPU.ActiveCfg = Release|Any CPU
		{C85B7682-3C7F-4C0D-837C-EB9AC351CBB7}.Release|Any CPU.Build.0 = Release|Any CPU
		{1732C8FC-70B9-46DC-AA1B-62599FE97D8B}.Debug|Any CPU.ActiveCfg = Debug|Any CPU
		{1732C8FC-70B9-46DC-AA1B-62599FE97D8B}.Debug|Any CPU.Build.0 = Debug|Any CPU
		{1732C8FC-70B9-46DC-AA1B-62599FE97D8B}.Release|Any CPU.ActiveCfg = Release|Any CPU
		{1732C8FC-70B9-46DC-AA1B-62599FE97D8B}.Release|Any CPU.Build.0 = Release|Any CPU
	EndGlobalSection
	GlobalSection(SolutionProperties) = preSolution
		HideSolutionNode = FALSE
	EndGlobalSection
	GlobalSection(NestedProjects) = preSolution
		{30FE51C5-FAF8-44AD-86B9-0EDEB26DFC20} = {109D1F60-CB8C-4EAC-BCE3-DBED11081D55}
		{9CC1330F-5613-4620-B02F-E397B64104DF} = {109D1F60-CB8C-4EAC-BCE3-DBED11081D55}
		{2D977984-E6DB-4DD6-8AEB-61EC8D4B6F00} = {F148AC92-F013-4E66-8C65-6A502F18E64C}
		{E32E0F16-6AE3-421B-A1D4-9004AF6DB079} = {109D1F60-CB8C-4EAC-BCE3-DBED11081D55}
		{4E26FF8E-2BCC-443E-93E1-95798630D438} = {109D1F60-CB8C-4EAC-BCE3-DBED11081D55}
		{4FAFA235-F71B-400C-975F-4FEA11EE04AC} = {109D1F60-CB8C-4EAC-BCE3-DBED11081D55}
		{98878081-F676-4E23-851E-B5B256D9956B} = {109D1F60-CB8C-4EAC-BCE3-DBED11081D55}
		{C85B7682-3C7F-4C0D-837C-EB9AC351CBB7} = {109D1F60-CB8C-4EAC-BCE3-DBED11081D55}
		{1732C8FC-70B9-46DC-AA1B-62599FE97D8B} = {109D1F60-CB8C-4EAC-BCE3-DBED11081D55}
	EndGlobalSection
	GlobalSection(ExtensibilityGlobals) = postSolution
		SolutionGuid = {A70804DA-40D1-4F38-9257-25108EE1146C}
	EndGlobalSection
EndGlobal
